
Microsoft Visual Studio Solution File, Format Version 12.00
# Visual Studio Version 17
VisualStudioVersion = 17.0.31903.59
MinimumVisualStudioVersion = 10.0.40219.1
Project("{2150E333-8FDC-42A3-9474-1A3956D46DE8}") = "src", "src", "{0C3147EB-866F-4535-808D-89D5B0024B68}"
EndProject
Project("{9A19103F-16F7-4668-BE54-9A1E7A4F7556}") = "TrnGeneratorApi", "src\TrnGeneratorApi\TrnGeneratorApi.csproj", "{E07BA1F9-E539-4EA9-9B0F-A3B9FBE8A5D1}"
EndProject
Project("{2150E333-8FDC-42A3-9474-1A3956D46DE8}") = "tests", "tests", "{13595BD3-52D0-48C0-8614-1B74DB9DB0AE}"
EndProject
Project("{9A19103F-16F7-4668-BE54-9A1E7A4F7556}") = "TrnGeneratorApi.IntegrationTests", "tests\TrnGeneratorApi.IntegrationTests\TrnGeneratorApi.IntegrationTests.csproj", "{C39E3F90-4108-46B7-9D9C-B77ACAFE0913}"
EndProject
Project("{2150E333-8FDC-42A3-9474-1A3956D46DE8}") = "Solution Items", "Solution Items", "{EBB0B4EC-952C-4954-BCA1-75EBB9867CBC}"
	ProjectSection(SolutionItems) = preProject
		Directory.Build.props = Directory.Build.props
	EndProjectSection
EndProject
Project("{9A19103F-16F7-4668-BE54-9A1E7A4F7556}") = "TrnGeneratorApi.BenchmarkTests", "tests\TrnGeneratorApi.BenchmarkTests\TrnGeneratorApi.BenchmarkTests.csproj", "{ABB1D1F4-DD68-4909-9F38-EDF503DC5E45}"
EndProject
Global
	GlobalSection(SolutionConfigurationPlatforms) = preSolution
		Debug|Any CPU = Debug|Any CPU
		Release|Any CPU = Release|Any CPU
	EndGlobalSection
	GlobalSection(ProjectConfigurationPlatforms) = postSolution
		{E07BA1F9-E539-4EA9-9B0F-A3B9FBE8A5D1}.Debug|Any CPU.ActiveCfg = Debug|Any CPU
		{E07BA1F9-E539-4EA9-9B0F-A3B9FBE8A5D1}.Debug|Any CPU.Build.0 = Debug|Any CPU
		{E07BA1F9-E539-4EA9-9B0F-A3B9FBE8A5D1}.Release|Any CPU.ActiveCfg = Release|Any CPU
		{E07BA1F9-E539-4EA9-9B0F-A3B9FBE8A5D1}.Release|Any CPU.Build.0 = Release|Any CPU
		{C39E3F90-4108-46B7-9D9C-B77ACAFE0913}.Debug|Any CPU.ActiveCfg = Debug|Any CPU
		{C39E3F90-4108-46B7-9D9C-B77ACAFE0913}.Debug|Any CPU.Build.0 = Debug|Any CPU
		{C39E3F90-4108-46B7-9D9C-B77ACAFE0913}.Release|Any CPU.ActiveCfg = Release|Any CPU
		{C39E3F90-4108-46B7-9D9C-B77ACAFE0913}.Release|Any CPU.Build.0 = Release|Any CPU
		{ABB1D1F4-DD68-4909-9F38-EDF503DC5E45}.Debug|Any CPU.ActiveCfg = Debug|Any CPU
		{ABB1D1F4-DD68-4909-9F38-EDF503DC5E45}.Debug|Any CPU.Build.0 = Debug|Any CPU
		{ABB1D1F4-DD68-4909-9F38-EDF503DC5E45}.Release|Any CPU.ActiveCfg = Release|Any CPU
		{ABB1D1F4-DD68-4909-9F38-EDF503DC5E45}.Release|Any CPU.Build.0 = Release|Any CPU
	EndGlobalSection
	GlobalSection(SolutionProperties) = preSolution
		HideSolutionNode = FALSE
	EndGlobalSection
	GlobalSection(NestedProjects) = preSolution
		{E07BA1F9-E539-4EA9-9B0F-A3B9FBE8A5D1} = {0C3147EB-866F-4535-808D-89D5B0024B68}
		{C39E3F90-4108-46B7-9D9C-B77ACAFE0913} = {13595BD3-52D0-48C0-8614-1B74DB9DB0AE}
		{ABB1D1F4-DD68-4909-9F38-EDF503DC5E45} = {13595BD3-52D0-48C0-8614-1B74DB9DB0AE}
	EndGlobalSection
	GlobalSection(ExtensibilityGlobals) = postSolution
		SolutionGuid = {73034C21-1868-4882-8269-B9132449AAA2}
	EndGlobalSection
EndGlobal
